
Microsoft Visual Studio Solution File, Format Version 12.00
# Visual Studio Version 17
VisualStudioVersion = 17.10.34928.147
MinimumVisualStudioVersion = 10.0.40219.1
Project("{FAE04EC0-301F-11D3-BF4B-00C04F79EFBC}") = "bai9", "bai9.csproj", "{F2D83AF8-30CE-418A-B89E-E91081FE0731}"
EndProject
Global
	GlobalSection(SolutionConfigurationPlatforms) = preSolution
		Debug|Any CPU = Debug|Any CPU
		Release|Any CPU = Release|Any CPU
	EndGlobalSection
	GlobalSection(ProjectConfigurationPlatforms) = postSolution
		{F2D83AF8-30CE-418A-B89E-E91081FE0731}.Debug|Any CPU.ActiveCfg = Debug|Any CPU
		{F2D83AF8-30CE-418A-B89E-E91081FE0731}.Debug|Any CPU.Build.0 = Debug|Any CPU
		{F2D83AF8-30CE-418A-B89E-E91081FE0731}.Release|Any CPU.ActiveCfg = Release|Any CPU
		{F2D83AF8-30CE-418A-B89E-E91081FE0731}.Release|Any CPU.Build.0 = Release|Any CPU
	EndGlobalSection
	GlobalSection(SolutionProperties) = preSolution
		HideSolutionNode = FALSE
	EndGlobalSection
	GlobalSection(ExtensibilityGlobals) = postSolution
		SolutionGuid = {E92C2BC4-40D0-4711-B29B-CA229C30DCBE}
	EndGlobalSection
EndGlobal
