
Microsoft Visual Studio Solution File, Format Version 12.00
# Visual Studio Version 17
VisualStudioVersion = 17.10.34928.147
MinimumVisualStudioVersion = 10.0.40219.1
Project("{FAE04EC0-301F-11D3-BF4B-00C04F79EFBC}") = "bai6", "bai6.csproj", "{942C3DCA-DCD8-43DF-B2C6-86906287574E}"
EndProject
Global
	GlobalSection(SolutionConfigurationPlatforms) = preSolution
		Debug|Any CPU = Debug|Any CPU
		Release|Any CPU = Release|Any CPU
	EndGlobalSection
	GlobalSection(ProjectConfigurationPlatforms) = postSolution
		{942C3DCA-DCD8-43DF-B2C6-86906287574E}.Debug|Any CPU.ActiveCfg = Debug|Any CPU
		{942C3DCA-DCD8-43DF-B2C6-86906287574E}.Debug|Any CPU.Build.0 = Debug|Any CPU
		{942C3DCA-DCD8-43DF-B2C6-86906287574E}.Release|Any CPU.ActiveCfg = Release|Any CPU
		{942C3DCA-DCD8-43DF-B2C6-86906287574E}.Release|Any CPU.Build.0 = Release|Any CPU
	EndGlobalSection
	GlobalSection(SolutionProperties) = preSolution
		HideSolutionNode = FALSE
	EndGlobalSection
	GlobalSection(ExtensibilityGlobals) = postSolution
		SolutionGuid = {231EF89C-29AF-4305-B184-AA3ED7CBB738}
	EndGlobalSection
EndGlobal
