
Microsoft Visual Studio Solution File, Format Version 12.00
# Visual Studio Version 17
VisualStudioVersion = 17.10.34928.147
MinimumVisualStudioVersion = 10.0.40219.1
Project("{FAE04EC0-301F-11D3-BF4B-00C04F79EFBC}") = "bai1", "bai1\bai1.csproj", "{457DD38B-4024-43C3-91C9-F56BDC37E960}"
EndProject
Global
	GlobalSection(SolutionConfigurationPlatforms) = preSolution
		Debug|Any CPU = Debug|Any CPU
		Release|Any CPU = Release|Any CPU
	EndGlobalSection
	GlobalSection(ProjectConfigurationPlatforms) = postSolution
		{457DD38B-4024-43C3-91C9-F56BDC37E960}.Debug|Any CPU.ActiveCfg = Debug|Any CPU
		{457DD38B-4024-43C3-91C9-F56BDC37E960}.Debug|Any CPU.Build.0 = Debug|Any CPU
		{457DD38B-4024-43C3-91C9-F56BDC37E960}.Release|Any CPU.ActiveCfg = Release|Any CPU
		{457DD38B-4024-43C3-91C9-F56BDC37E960}.Release|Any CPU.Build.0 = Release|Any CPU
	EndGlobalSection
	GlobalSection(SolutionProperties) = preSolution
		HideSolutionNode = FALSE
	EndGlobalSection
	GlobalSection(ExtensibilityGlobals) = postSolution
		SolutionGuid = {88281BCD-75EF-407F-9DB5-BA38672CBEBA}
	EndGlobalSection
EndGlobal
